
Microsoft Visual Studio Solution File, Format Version 12.00
# Visual Studio Version 17
VisualStudioVersion = 17.11.35222.181
MinimumVisualStudioVersion = 10.0.40219.1
Project("{9A19103F-16F7-4668-BE54-9A1E7A4F7556}") = "BulkyBookWeb", "BulkyBookWeb\BulkyBookWeb.csproj", "{A363B36D-24FE-42FB-A02F-C06A2C793B53}"
EndProject
Global
	GlobalSection(SolutionConfigurationPlatforms) = preSolution
		Debug|Any CPU = Debug|Any CPU
		Release|Any CPU = Release|Any CPU
	EndGlobalSection
	GlobalSection(ProjectConfigurationPlatforms) = postSolution
		{A363B36D-24FE-42FB-A02F-C06A2C793B53}.Debug|Any CPU.ActiveCfg = Debug|Any CPU
		{A363B36D-24FE-42FB-A02F-C06A2C793B53}.Debug|Any CPU.Build.0 = Debug|Any CPU
		{A363B36D-24FE-42FB-A02F-C06A2C793B53}.Release|Any CPU.ActiveCfg = Release|Any CPU
		{A363B36D-24FE-42FB-A02F-C06A2C793B53}.Release|Any CPU.Build.0 = Release|Any CPU
	EndGlobalSection
	GlobalSection(SolutionProperties) = preSolution
		HideSolutionNode = FALSE
	EndGlobalSection
	GlobalSection(ExtensibilityGlobals) = postSolution
		SolutionGuid = {8CBF438D-1620-4082-A07A-626C96E57FD4}
	EndGlobalSection
EndGlobal
